
Microsoft Visual Studio Solution File, Format Version 12.00
# Visual Studio Version 17
VisualStudioVersion = 17.2.32602.215
MinimumVisualStudioVersion = 10.0.40219.1
Project("{FAE04EC0-301F-11D3-BF4B-00C04F79EFBC}") = "04.使用Attribute为对象属性赋值", "StudyXML01\04.使用Attribute为对象属性赋值.csproj", "{8201727A-F910-4A72-995F-B12F9519E76D}"
EndProject
Project("{FAE04EC0-301F-11D3-BF4B-00C04F79EFBC}") = "03.属性元素", "StudyXML02\03.属性元素.csproj", "{092FF2AE-EBF4-400A-B6B2-CD726DEFED98}"
EndProject
Project("{FAE04EC0-301F-11D3-BF4B-00C04F79EFBC}") = "02.线性渐变笔刷XML", "线性渐变笔刷XML\02.线性渐变笔刷XML.csproj", "{C7259FC9-80E6-4CB6-AC4F-32DDFC3A9717}"
EndProject
Project("{FAE04EC0-301F-11D3-BF4B-00C04F79EFBC}") = "01.简化XAML", "简化XAML\01.简化XAML.csproj", "{05A44ED4-D4A1-4C98-983C-79BA368D6B07}"
EndProject
Project("{FAE04EC0-301F-11D3-BF4B-00C04F79EFBC}") = "05.标记扩展", "标记扩展\05.标记扩展.csproj", "{0D2B2D03-6E0F-4284-9925-8F2F27A72239}"
EndProject
Project("{FAE04EC0-301F-11D3-BF4B-00C04F79EFBC}") = "01.xName", "XName名称空间\01.xName.csproj", "{CDD39616-8BC6-4329-83CC-B9F183DF8C00}"
EndProject
Project("{FAE04EC0-301F-11D3-BF4B-00C04F79EFBC}") = "02.xKey", "xKey名称空间\02.xKey.csproj", "{AB28049C-D1C1-4C5A-9EE1-6BBA74FA3230}"
EndProject
Project("{FAE04EC0-301F-11D3-BF4B-00C04F79EFBC}") = "04.xNull", "xNull空值\04.xNull.csproj", "{28564BD2-B859-4B5B-BB4E-FAE97FA6A4AC}"
EndProject
Project("{FAE04EC0-301F-11D3-BF4B-00C04F79EFBC}") = "05.xArray", "xArray数据源\05.xArray.csproj", "{F9CFF0DB-492B-4910-99D2-67B2BCB06DA5}"
EndProject
Project("{FAE04EC0-301F-11D3-BF4B-00C04F79EFBC}") = "06.xStatic", "xStatic成员\06.xStatic.csproj", "{44A00D6A-31AD-420A-AB24-7AC403E7D22E}"
EndProject
Project("{FAE04EC0-301F-11D3-BF4B-00C04F79EFBC}") = "07.xXData", "xXData指令元素\07.xXData.csproj", "{A1774356-E510-4148-9633-1D77163117C6}"
EndProject
Project("{FAE04EC0-301F-11D3-BF4B-00C04F79EFBC}") = "02.HeaderedContentControl族", "HeaderedContentControl族控件\02.HeaderedContentControl族.csproj", "{DAD39937-9263-45EE-ACA6-EF60CFD07D30}"
EndProject
Project("{FAE04EC0-301F-11D3-BF4B-00C04F79EFBC}") = "01.ItemsControl族", "ItemsControl族控件\01.ItemsControl族.csproj", "{FF5C0D5B-A3D5-40E6-9770-014CDFABC15E}"
EndProject
Project("{2150E333-8FDC-42A3-9474-1A3956D46DE8}") = "1.1XAML语法", "1.1XAML语法", "{8E40B434-CCCF-40B5-9956-DB5470A1E2D9}"
EndProject
Project("{2150E333-8FDC-42A3-9474-1A3956D46DE8}") = "1.2x名称空间", "1.2x名称空间", "{76AE36F2-8065-456E-B727-85CAE3267C13}"
EndProject
Project("{2150E333-8FDC-42A3-9474-1A3956D46DE8}") = "1.3控件布局", "1.3控件布局", "{E5B84EBD-43D3-4980-A3A2-AA868AE713BB}"
EndProject
Project("{FAE04EC0-301F-11D3-BF4B-00C04F79EFBC}") = "03.Grid", "Grid01\03.Grid.csproj", "{C39D3E82-7386-4C5D-9099-E207D6AE63B8}"
EndProject
Project("{FAE04EC0-301F-11D3-BF4B-00C04F79EFBC}") = "04.Grid布局", "Grid进行布局\04.Grid布局.csproj", "{40278401-13CE-430B-A61E-8629360C5282}"
EndProject
Project("{FAE04EC0-301F-11D3-BF4B-00C04F79EFBC}") = "05.StackPanel布局", "StackPanel布局\05.StackPanel布局.csproj", "{EE712690-9BA4-4068-8F5C-D92CAA39A472}"
EndProject
Project("{FAE04EC0-301F-11D3-BF4B-00C04F79EFBC}") = "06.Canvas布局", "Canvas布局\06.Canvas布局.csproj", "{E5093C9B-9CD1-4157-ACCB-7102779D981B}"
EndProject
Project("{FAE04EC0-301F-11D3-BF4B-00C04F79EFBC}") = "07.DockPanel布局", "DockPanel布局\07.DockPanel布局.csproj", "{06D1A5F0-EFA5-4163-BFD8-237BDB383553}"
EndProject
Project("{2150E333-8FDC-42A3-9474-1A3956D46DE8}") = "1.4数据绑定", "1.4数据绑定", "{4551EF43-B4D4-423E-9C94-A33F5F599B2E}"
EndProject
Project("{FAE04EC0-301F-11D3-BF4B-00C04F79EFBC}") = "01.Binding", "Bingding01_Source\01.Binding.csproj", "{47ED484C-2557-4BFA-BA67-859463EEA2A3}"
EndProject
Project("{FAE04EC0-301F-11D3-BF4B-00C04F79EFBC}") = "02.控件作源", "Binding02_控件作源\02.控件作源.csproj", "{6422C8D4-0D4D-4324-BF29-46A86AEBB7F0}"
EndProject
Project("{FAE04EC0-301F-11D3-BF4B-00C04F79EFBC}") = "03.1.Path", "Binding03_Path\03.1.Path.csproj", "{1F4142A7-B828-4E5B-965C-A1E96153DED6}"
EndProject
Project("{FAE04EC0-301F-11D3-BF4B-00C04F79EFBC}") = "03.2.多级Path", "Binding04_多级Path\03.2.多级Path.csproj", "{FD676F7C-EA2E-4506-9F37-512EF93BFCD2}"
EndProject
Project("{FAE04EC0-301F-11D3-BF4B-00C04F79EFBC}") = "03.3.多维集合元素作Path", "Binding05_多维集合元素作Path\03.3.多维集合元素作Path.csproj", "{1D5736B3-EFA6-41B7-9017-7990057D7D37}"
EndProject
Project("{FAE04EC0-301F-11D3-BF4B-00C04F79EFBC}") = "04.使用DataContext作Source", "Binding06_使用DataContext作Source\04.使用DataContext作Source.csproj", "{7E3EBB8B-CDB6-4738-A73E-E9B3EC7DDCA9}"
EndProject
Project("{FAE04EC0-301F-11D3-BF4B-00C04F79EFBC}") = "05.不指定Path和Source", "Binding07_不指定Path和Source\05.不指定Path和Source.csproj", "{47509B4A-2A6F-4980-851B-C6F398839B1F}"
EndProject
Project("{FAE04EC0-301F-11D3-BF4B-00C04F79EFBC}") = "06.使用集合作ItemsSource", "Binding08_使用集合作ItemsSource\06.使用集合作ItemsSource.csproj", "{943F4113-837E-4542-8C0C-D7BCFE82A537}"
EndProject
Project("{FAE04EC0-301F-11D3-BF4B-00C04F79EFBC}") = "07.显示设置DataTemplate", "Binding09_显示设置DataTemplate\07.显示设置DataTemplate.csproj", "{58FBD323-1983-4E03-8497-1D36E2EA47A2}"
EndProject
Project("{FAE04EC0-301F-11D3-BF4B-00C04F79EFBC}") = "08.ADO.Net对象作Source", "Binding10_ADO.Net对象作Source\08.ADO.Net对象作Source.csproj", "{9711DED3-052F-4E82-A90C-DF2ECC3341F7}"
EndProject
Project("{FAE04EC0-301F-11D3-BF4B-00C04F79EFBC}") = "03.xType", "03.xType\03.xType.csproj", "{688A259E-08E6-405D-9379-03957DEE8E04}"
EndProject
Project("{FAE04EC0-301F-11D3-BF4B-00C04F79EFBC}") = "09.1.XML数据作Source", "09.XML数据作Source\09.1.XML数据作Source.csproj", "{C4B38B2D-1BDA-48FC-87EA-483102F00EB2}"
EndProject
Project("{FAE04EC0-301F-11D3-BF4B-00C04F79EFBC}") = "09.2XML数据作Source", "09.2XML数据作Source\09.2XML数据作Source.csproj", "{90ED016C-9EA9-4901-9F5A-7B829EBBBB04}"
EndProject
Project("{FAE04EC0-301F-11D3-BF4B-00C04F79EFBC}") = "10.LINQ检索结果作Source", "10.LINQ检索结果作Source\10.LINQ检索结果作Source.csproj", "{2F169B05-EAC1-4107-A033-83FFE9ABB52C}"
EndProject
Project("{FAE04EC0-301F-11D3-BF4B-00C04F79EFBC}") = "11.LINQ to XML", "11.LINQ to XML\11.LINQ to XML.csproj", "{B82CB339-AB37-4A5A-80CD-4B7FE181A865}"
EndProject
Project("{FAE04EC0-301F-11D3-BF4B-00C04F79EFBC}") = "12.1.ObjectDataProcider对象作Source", "12.ObjectDataProcider对象作Source\12.1.ObjectDataProcider对象作Source.csproj", "{3B7B8C59-9F8F-4B1A-96F5-B809D1DB22D3}"
EndProject
Project("{FAE04EC0-301F-11D3-BF4B-00C04F79EFBC}") = "12.2.ObjectDataProcider对象作Source", "12.2.ObjectDataProcider对象作Source\12.2.ObjectDataProcider对象作Source.csproj", "{F7BBBA7F-942E-42B7-99BF-32933FB0E91A}"
EndProject
Project("{FAE04EC0-301F-11D3-BF4B-00C04F79EFBC}") = "13.Binding之RelativeSource", "13.Binding之RelativeSource\13.Binding之RelativeSource.csproj", "{03F4CCFC-082B-4D30-A123-A960AC81C740}"
EndProject
Project("{FAE04EC0-301F-11D3-BF4B-00C04F79EFBC}") = "14.1数据校验", "14.数据校验\14.1数据校验.csproj", "{974D1547-54E9-4790-8676-E592FBEAB7B8}"
EndProject
Project("{FAE04EC0-301F-11D3-BF4B-00C04F79EFBC}") = "15.数据转换", "15.数据转换\15.数据转换.csproj", "{F9737C02-1EF4-4CC7-9B83-286D8C41BFE3}"
EndProject
Project("{FAE04EC0-301F-11D3-BF4B-00C04F79EFBC}") = "14.2路由初识", "14.2路由初识\14.2路由初识.csproj", "{8ED8C120-E268-48F8-BBE8-12ABC7D23859}"
EndProject
Project("{FAE04EC0-301F-11D3-BF4B-00C04F79EFBC}") = "16.多路BindingMultiBinding", "16.多路BindingMultiBinding\16.多路BindingMultiBinding.csproj", "{B403B9CC-2353-4095-AF89-AB16CD43DCC5}"
EndProject
Project("{FAE04EC0-301F-11D3-BF4B-00C04F79EFBC}") = "01.1.0依赖属性", "17.依赖属性\01.1.0依赖属性.csproj", "{EDBB4FF0-91D7-45B6-B994-F7CAFD753421}"
EndProject
Project("{2150E333-8FDC-42A3-9474-1A3956D46DE8}") = "1.5依赖属性", "1.5依赖属性", "{F2DE1B0D-5390-48BF-90EC-6C381199848F}"
EndProject
Project("{FAE04EC0-301F-11D3-BF4B-00C04F79EFBC}") = "01.2依赖属性", "01.2依赖属性\01.2依赖属性.csproj", "{F2445A4B-B252-439A-8C9A-9C34A170B462}"
EndProject
Project("{2150E333-8FDC-42A3-9474-1A3956D46DE8}") = "1.6路由事件", "1.6路由事件", "{09E0C8B4-BB55-4E5D-9292-62AE7ABCEE45}"
EndProject
Project("{9A19103F-16F7-4668-BE54-9A1E7A4F7556}") = "冒泡路由_01", "冒泡路由_01\冒泡路由_01.csproj", "{7DFF4231-26DF-40D7-B4BF-10D0B8F27034}"
EndProject
Project("{2150E333-8FDC-42A3-9474-1A3956D46DE8}") = "1.7Application类", "1.7Application类", "{A983BB46-8EE0-49E8-A2BF-60D6671B21F7}"
EndProject
Project("{FAE04EC0-301F-11D3-BF4B-00C04F79EFBC}") = "01Application未处理异常事件", "01Application未处理异常事件\01Application未处理异常事件.csproj", "{F9AC3E9E-23FA-4EE7-B4EE-3D9676889E89}"
EndProject
Project("{FAE04EC0-301F-11D3-BF4B-00C04F79EFBC}") = "02处理命令行参数", "02处理命令行参数\02处理命令行参数.csproj", "{C9BA3520-5BF1-41D4-AB37-D71FDEF7D203}"
EndProject
Project("{FAE04EC0-301F-11D3-BF4B-00C04F79EFBC}") = "03窗口之间交互", "03窗口之间交互\03窗口之间交互.csproj", "{887393C3-8AF8-471B-9BEA-F18E3D4C7736}"
EndProject
Project("{FAE04EC0-301F-11D3-BF4B-00C04F79EFBC}") = "04单例应用程序", "04单例应用程序\04单例应用程序.csproj", "{35BCBF9C-02FD-4B0C-9FA3-A5CF194D39E8}"
EndProject
Project("{2150E333-8FDC-42A3-9474-1A3956D46DE8}") = "1.8程序集资源", "1.8程序集资源", "{B4BC732A-57DA-4042-9ADD-43A805F82C33}"
EndProject
Project("{FAE04EC0-301F-11D3-BF4B-00C04F79EFBC}") = "01AssemblyResources", "01AssemblyResources\01AssemblyResources.csproj", "{577D24C6-C75C-4DEF-8F54-DC65B3B1B53B}"
EndProject
Project("{2150E333-8FDC-42A3-9474-1A3956D46DE8}") = "1.4.1综合例子", "1.4.1综合例子", "{2B3308DB-C524-463E-9EDC-D5EE4D7EE604}"
EndProject
Project("{FAE04EC0-301F-11D3-BF4B-00C04F79EFBC}") = "DataBinding", "DataBinding\DataBinding.csproj", "{D6C15D52-855F-492B-9FD0-8F09FCA3E3D9}"
EndProject
Project("{2150E333-8FDC-42A3-9474-1A3956D46DE8}") = "1.9命令", "1.9命令", "{1225228B-1C20-4589-9426-0E094A0C9016}"
EndProject
Project("{FAE04EC0-301F-11D3-BF4B-00C04F79EFBC}") = "01Commands", "01Commands\01Commands.csproj", "{81C5F000-E2AC-400A-8CD8-E66CDE886751}"
EndProject
Project("{FAE04EC0-301F-11D3-BF4B-00C04F79EFBC}") = "01.1.1依赖属性包装器", "01.1.1依赖属性包装器\01.1.1依赖属性包装器.csproj", "{1A9B528E-6F58-41BF-8817-48A932DC7043}"
EndProject
Project("{FAE04EC0-301F-11D3-BF4B-00C04F79EFBC}") = "01.3.0附加属性", "01.3附加属性\01.3.0附加属性.csproj", "{5F7135DA-30AE-4EBB-A88B-2F11FC2336BA}"
EndProject
Project("{FAE04EC0-301F-11D3-BF4B-00C04F79EFBC}") = "01.3.1附加属性", "01.3.1附加属性\01.3.1附加属性.csproj", "{9B75C8A6-2DAB-4AEF-B670-74BA8C5E7FC1}"
EndProject
Project("{FAE04EC0-301F-11D3-BF4B-00C04F79EFBC}") = "内置路由事件_02", "内置路由事件_02\内置路由事件_02.csproj", "{C846DC37-0CEA-4603-920B-41A0C6E89BE0}"
EndProject
Project("{FAE04EC0-301F-11D3-BF4B-00C04F79EFBC}") = "WpfApplTimeButton_03", "WpfApplTimeButton_03\WpfApplTimeButton_03.csproj", "{60FF42F0-4C8D-41B8-986A-D8CD7D03EAA4}"
EndProject
Project("{FAE04EC0-301F-11D3-BF4B-00C04F79EFBC}") = "SourceAndOrginalSourceSample_04", "SourceAndOrginalSourceSample_04\SourceAndOrginalSourceSample_04.csproj", "{2F7E9480-8A24-4FC6-8917-D1034490E7FE}"
EndProject
Project("{FAE04EC0-301F-11D3-BF4B-00C04F79EFBC}") = "附加事件_05", "附加事件_05\附加事件_05.csproj", "{2A2CEC80-D89F-4D1D-85D5-4D2AE63188D7}"
EndProject
Project("{FAE04EC0-301F-11D3-BF4B-00C04F79EFBC}") = "02ButtonClearTextBoxCommand", "02ButtonClearTextBoxCommand\02ButtonClearTextBoxCommand.csproj", "{DFD8522F-30E7-44BB-BF4A-F25181E037A2}"
EndProject
Project("{FAE04EC0-301F-11D3-BF4B-00C04F79EFBC}") = "03CommandPrameter", "03CommandPrameter\03CommandPrameter.csproj", "{297331C9-3871-4BAC-913C-1A450E56B954}"
EndProject
Project("{FAE04EC0-301F-11D3-BF4B-00C04F79EFBC}") = "04自定义命令", "04自定义命令\04自定义命令.csproj", "{FD0E09AA-0D0F-427C-A541-13613D87EB85}"
EndProject
Project("{2150E333-8FDC-42A3-9474-1A3956D46DE8}") = "2.0Template", "2.0Template", "{FC6C6FD7-A151-4D5B-BADC-5B3CC308247E}"
EndProject
Project("{FAE04EC0-301F-11D3-BF4B-00C04F79EFBC}") = "01DataTemplate", "01DataTemplate\01DataTemplate.csproj", "{22E69BE3-F203-4FA4-933D-7CA0B8BADAD8}"
EndProject
Project("{FAE04EC0-301F-11D3-BF4B-00C04F79EFBC}") = "02DataTemplate", "02DataTemplate\02DataTemplate.csproj", "{8149766A-19BB-433C-893D-4A3180B23E2E}"
EndProject
Project("{FAE04EC0-301F-11D3-BF4B-00C04F79EFBC}") = "03ControlTemplate", "03ControlTemplate\03ControlTemplate.csproj", "{ACB67532-8141-483B-A01B-E6D7B59BE92D}"
EndProject
Project("{FAE04EC0-301F-11D3-BF4B-00C04F79EFBC}") = "04水平排列的ListBox", "04水平排列的ListBox\04水平排列的ListBox.csproj", "{E233F5A3-F3F4-48C6-A5CA-89A5128DC717}"
EndProject
Project("{FAE04EC0-301F-11D3-BF4B-00C04F79EFBC}") = "05.1ControlTemplate应用", "05.1ControlTemplate应用\05.1ControlTemplate应用.csproj", "{ABE35F0C-4FAB-4F14-BDFC-1CB06BB2F1C4}"
EndProject
Project("{FAE04EC0-301F-11D3-BF4B-00C04F79EFBC}") = "06.1DataTemplate应用", "06DataTemplate应用\06.1DataTemplate应用.csproj", "{5160DF23-9535-482F-83CB-4AADC9D0ABA5}"
EndProject
Project("{FAE04EC0-301F-11D3-BF4B-00C04F79EFBC}") = "06.2DataTemplate应用", "06.2DataTemplate应用\06.2DataTemplate应用.csproj", "{969C45A2-F573-40DE-80A4-5C514AF459E0}"
EndProject
Project("{FAE04EC0-301F-11D3-BF4B-00C04F79EFBC}") = "06.3HierarchicalDataTemplate", "06.3HierarchicalDataTemplate\06.3HierarchicalDataTemplate.csproj", "{FBDA60F9-0FEF-4540-847E-AB6F179C0463}"
EndProject
Project("{FAE04EC0-301F-11D3-BF4B-00C04F79EFBC}") = "06.4HierarchicalDataTemplate", "06.4HierarchicalDataTemplate\06.4HierarchicalDataTemplate.csproj", "{09C04DFE-7ABE-4B84-A428-D831DB679428}"
EndProject
Project("{FAE04EC0-301F-11D3-BF4B-00C04F79EFBC}") = "07.1ControlTemplate控件", "07.1ControlTemplate控件\07.1ControlTemplate控件.csproj", "{0BF677F0-1468-45E5-BF58-827582DA4170}"
EndProject
Project("{FAE04EC0-301F-11D3-BF4B-00C04F79EFBC}") = "07.2DataTemplate控件", "07.2DataTemplate控件\07.2DataTemplate控件.csproj", "{BC9C5965-EBD1-47A7-96FA-A720998DB2D7}"
EndProject
Project("{FAE04EC0-301F-11D3-BF4B-00C04F79EFBC}") = "07.3DataTemplate控件", "07.3DataTemplate控件\07.3DataTemplate控件.csproj", "{E41972ED-1B9E-444A-AE55-B3E61D558BC0}"
EndProject
Project("{FAE04EC0-301F-11D3-BF4B-00C04F79EFBC}") = "08.1Style中的Setter", "08.1Style中的Setter\08.1Style中的Setter.csproj", "{E6EACDED-F213-4B1A-BAB7-B419AB44A971}"
EndProject
Project("{FAE04EC0-301F-11D3-BF4B-00C04F79EFBC}") = "08.2Style的Trigger", "08.2Style的Trigger\08.2Style的Trigger.csproj", "{DC51A3D3-F613-4DAE-911A-52BF058C3F8D}"
EndProject
Project("{FAE04EC0-301F-11D3-BF4B-00C04F79EFBC}") = "08.3Style的MultiTrigger", "08.3Style的MultiTrigger\08.3Style的MultiTrigger.csproj", "{02CF0E34-F175-4724-B354-A60B601E09A4}"
EndProject
Project("{FAE04EC0-301F-11D3-BF4B-00C04F79EFBC}") = "08.4DataTrigger", "08.4DataTrigger\08.4DataTrigger.csproj", "{A003497A-096A-4CCE-870F-A680F140F92F}"
EndProject
Project("{FAE04EC0-301F-11D3-BF4B-00C04F79EFBC}") = "08.5MultiDataTrigger", "08.5MultiDataTrigger\08.5MultiDataTrigger.csproj", "{503EFF71-112D-4E8D-A521-2A86AE6EE6DA}"
EndProject
Project("{FAE04EC0-301F-11D3-BF4B-00C04F79EFBC}") = "08.6EventTrigger", "08.6EventTrigger\08.6EventTrigger.csproj", "{E48503C8-6449-42A9-B524-F0081E9449FC}"
EndProject
Project("{2150E333-8FDC-42A3-9474-1A3956D46DE8}") = "2.1绘图与动画", "2.1绘图与动画", "{4B36EDFC-F565-4911-A087-F2FE7A910E73}"
EndProject
Project("{FAE04EC0-301F-11D3-BF4B-00C04F79EFBC}") = "直线_01", "直线_01\直线_01.csproj", "{5B7EC237-5B3F-43D4-9A22-E9E76689630A}"
EndProject
Project("{FAE04EC0-301F-11D3-BF4B-00C04F79EFBC}") = "矩形_02", "矩形_02\矩形_02.csproj", "{69172B58-C7F9-4DD2-84E7-14D236F36439}"
EndProject
Project("{FAE04EC0-301F-11D3-BF4B-00C04F79EFBC}") = "VisualBrush_03", "VisualBrush_03\VisualBrush_03.csproj", "{2471A908-F7C6-4FE3-9568-77D52F41D926}"
EndProject
Project("{FAE04EC0-301F-11D3-BF4B-00C04F79EFBC}") = "椭圆_04", "椭圆_04\椭圆_04.csproj", "{574EF273-8E63-4959-AC56-DD2ECD37869A}"
EndProject
Global
	GlobalSection(SolutionConfigurationPlatforms) = preSolution
		Debug|Any CPU = Debug|Any CPU
		Release|Any CPU = Release|Any CPU
	EndGlobalSection
	GlobalSection(ProjectConfigurationPlatforms) = postSolution
		{8201727A-F910-4A72-995F-B12F9519E76D}.Debug|Any CPU.ActiveCfg = Debug|Any CPU
		{8201727A-F910-4A72-995F-B12F9519E76D}.Debug|Any CPU.Build.0 = Debug|Any CPU
		{8201727A-F910-4A72-995F-B12F9519E76D}.Release|Any CPU.ActiveCfg = Release|Any CPU
		{8201727A-F910-4A72-995F-B12F9519E76D}.Release|Any CPU.Build.0 = Release|Any CPU
		{092FF2AE-EBF4-400A-B6B2-CD726DEFED98}.Debug|Any CPU.ActiveCfg = Debug|Any CPU
		{092FF2AE-EBF4-400A-B6B2-CD726DEFED98}.Debug|Any CPU.Build.0 = Debug|Any CPU
		{092FF2AE-EBF4-400A-B6B2-CD726DEFED98}.Release|Any CPU.ActiveCfg = Release|Any CPU
		{092FF2AE-EBF4-400A-B6B2-CD726DEFED98}.Release|Any CPU.Build.0 = Release|Any CPU
		{C7259FC9-80E6-4CB6-AC4F-32DDFC3A9717}.Debug|Any CPU.ActiveCfg = Debug|Any CPU
		{C7259FC9-80E6-4CB6-AC4F-32DDFC3A9717}.Debug|Any CPU.Build.0 = Debug|Any CPU
		{C7259FC9-80E6-4CB6-AC4F-32DDFC3A9717}.Release|Any CPU.ActiveCfg = Release|Any CPU
		{C7259FC9-80E6-4CB6-AC4F-32DDFC3A9717}.Release|Any CPU.Build.0 = Release|Any CPU
		{05A44ED4-D4A1-4C98-983C-79BA368D6B07}.Debug|Any CPU.ActiveCfg = Debug|Any CPU
		{05A44ED4-D4A1-4C98-983C-79BA368D6B07}.Debug|Any CPU.Build.0 = Debug|Any CPU
		{05A44ED4-D4A1-4C98-983C-79BA368D6B07}.Release|Any CPU.ActiveCfg = Release|Any CPU
		{05A44ED4-D4A1-4C98-983C-79BA368D6B07}.Release|Any CPU.Build.0 = Release|Any CPU
		{0D2B2D03-6E0F-4284-9925-8F2F27A72239}.Debug|Any CPU.ActiveCfg = Debug|Any CPU
		{0D2B2D03-6E0F-4284-9925-8F2F27A72239}.Debug|Any CPU.Build.0 = Debug|Any CPU
		{0D2B2D03-6E0F-4284-9925-8F2F27A72239}.Release|Any CPU.ActiveCfg = Release|Any CPU
		{0D2B2D03-6E0F-4284-9925-8F2F27A72239}.Release|Any CPU.Build.0 = Release|Any CPU
		{CDD39616-8BC6-4329-83CC-B9F183DF8C00}.Debug|Any CPU.ActiveCfg = Debug|Any CPU
		{CDD39616-8BC6-4329-83CC-B9F183DF8C00}.Debug|Any CPU.Build.0 = Debug|Any CPU
		{CDD39616-8BC6-4329-83CC-B9F183DF8C00}.Release|Any CPU.ActiveCfg = Release|Any CPU
		{CDD39616-8BC6-4329-83CC-B9F183DF8C00}.Release|Any CPU.Build.0 = Release|Any CPU
		{AB28049C-D1C1-4C5A-9EE1-6BBA74FA3230}.Debug|Any CPU.ActiveCfg = Debug|Any CPU
		{AB28049C-D1C1-4C5A-9EE1-6BBA74FA3230}.Debug|Any CPU.Build.0 = Debug|Any CPU
		{AB28049C-D1C1-4C5A-9EE1-6BBA74FA3230}.Release|Any CPU.ActiveCfg = Release|Any CPU
		{AB28049C-D1C1-4C5A-9EE1-6BBA74FA3230}.Release|Any CPU.Build.0 = Release|Any CPU
		{28564BD2-B859-4B5B-BB4E-FAE97FA6A4AC}.Debug|Any CPU.ActiveCfg = Debug|Any CPU
		{28564BD2-B859-4B5B-BB4E-FAE97FA6A4AC}.Debug|Any CPU.Build.0 = Debug|Any CPU
		{28564BD2-B859-4B5B-BB4E-FAE97FA6A4AC}.Release|Any CPU.ActiveCfg = Release|Any CPU
		{28564BD2-B859-4B5B-BB4E-FAE97FA6A4AC}.Release|Any CPU.Build.0 = Release|Any CPU
		{F9CFF0DB-492B-4910-99D2-67B2BCB06DA5}.Debug|Any CPU.ActiveCfg = Debug|Any CPU
		{F9CFF0DB-492B-4910-99D2-67B2BCB06DA5}.Debug|Any CPU.Build.0 = Debug|Any CPU
		{F9CFF0DB-492B-4910-99D2-67B2BCB06DA5}.Release|Any CPU.ActiveCfg = Release|Any CPU
		{F9CFF0DB-492B-4910-99D2-67B2BCB06DA5}.Release|Any CPU.Build.0 = Release|Any CPU
		{44A00D6A-31AD-420A-AB24-7AC403E7D22E}.Debug|Any CPU.ActiveCfg = Debug|Any CPU
		{44A00D6A-31AD-420A-AB24-7AC403E7D22E}.Debug|Any CPU.Build.0 = Debug|Any CPU
		{44A00D6A-31AD-420A-AB24-7AC403E7D22E}.Release|Any CPU.ActiveCfg = Release|Any CPU
		{44A00D6A-31AD-420A-AB24-7AC403E7D22E}.Release|Any CPU.Build.0 = Release|Any CPU
		{A1774356-E510-4148-9633-1D77163117C6}.Debug|Any CPU.ActiveCfg = Debug|Any CPU
		{A1774356-E510-4148-9633-1D77163117C6}.Debug|Any CPU.Build.0 = Debug|Any CPU
		{A1774356-E510-4148-9633-1D77163117C6}.Release|Any CPU.ActiveCfg = Release|Any CPU
		{A1774356-E510-4148-9633-1D77163117C6}.Release|Any CPU.Build.0 = Release|Any CPU
		{DAD39937-9263-45EE-ACA6-EF60CFD07D30}.Debug|Any CPU.ActiveCfg = Debug|Any CPU
		{DAD39937-9263-45EE-ACA6-EF60CFD07D30}.Debug|Any CPU.Build.0 = Debug|Any CPU
		{DAD39937-9263-45EE-ACA6-EF60CFD07D30}.Release|Any CPU.ActiveCfg = Release|Any CPU
		{DAD39937-9263-45EE-ACA6-EF60CFD07D30}.Release|Any CPU.Build.0 = Release|Any CPU
		{FF5C0D5B-A3D5-40E6-9770-014CDFABC15E}.Debug|Any CPU.ActiveCfg = Debug|Any CPU
		{FF5C0D5B-A3D5-40E6-9770-014CDFABC15E}.Debug|Any CPU.Build.0 = Debug|Any CPU
		{FF5C0D5B-A3D5-40E6-9770-014CDFABC15E}.Release|Any CPU.ActiveCfg = Release|Any CPU
		{FF5C0D5B-A3D5-40E6-9770-014CDFABC15E}.Release|Any CPU.Build.0 = Release|Any CPU
		{C39D3E82-7386-4C5D-9099-E207D6AE63B8}.Debug|Any CPU.ActiveCfg = Debug|Any CPU
		{C39D3E82-7386-4C5D-9099-E207D6AE63B8}.Debug|Any CPU.Build.0 = Debug|Any CPU
		{C39D3E82-7386-4C5D-9099-E207D6AE63B8}.Release|Any CPU.ActiveCfg = Release|Any CPU
		{C39D3E82-7386-4C5D-9099-E207D6AE63B8}.Release|Any CPU.Build.0 = Release|Any CPU
		{40278401-13CE-430B-A61E-8629360C5282}.Debug|Any CPU.ActiveCfg = Debug|Any CPU
		{40278401-13CE-430B-A61E-8629360C5282}.Debug|Any CPU.Build.0 = Debug|Any CPU
		{40278401-13CE-430B-A61E-8629360C5282}.Release|Any CPU.ActiveCfg = Release|Any CPU
		{40278401-13CE-430B-A61E-8629360C5282}.Release|Any CPU.Build.0 = Release|Any CPU
		{EE712690-9BA4-4068-8F5C-D92CAA39A472}.Debug|Any CPU.ActiveCfg = Debug|Any CPU
		{EE712690-9BA4-4068-8F5C-D92CAA39A472}.Debug|Any CPU.Build.0 = Debug|Any CPU
		{EE712690-9BA4-4068-8F5C-D92CAA39A472}.Release|Any CPU.ActiveCfg = Release|Any CPU
		{EE712690-9BA4-4068-8F5C-D92CAA39A472}.Release|Any CPU.Build.0 = Release|Any CPU
		{E5093C9B-9CD1-4157-ACCB-7102779D981B}.Debug|Any CPU.ActiveCfg = Debug|Any CPU
		{E5093C9B-9CD1-4157-ACCB-7102779D981B}.Debug|Any CPU.Build.0 = Debug|Any CPU
		{E5093C9B-9CD1-4157-ACCB-7102779D981B}.Release|Any CPU.ActiveCfg = Release|Any CPU
		{E5093C9B-9CD1-4157-ACCB-7102779D981B}.Release|Any CPU.Build.0 = Release|Any CPU
		{06D1A5F0-EFA5-4163-BFD8-237BDB383553}.Debug|Any CPU.ActiveCfg = Debug|Any CPU
		{06D1A5F0-EFA5-4163-BFD8-237BDB383553}.Debug|Any CPU.Build.0 = Debug|Any CPU
		{06D1A5F0-EFA5-4163-BFD8-237BDB383553}.Release|Any CPU.ActiveCfg = Release|Any CPU
		{06D1A5F0-EFA5-4163-BFD8-237BDB383553}.Release|Any CPU.Build.0 = Release|Any CPU
		{47ED484C-2557-4BFA-BA67-859463EEA2A3}.Debug|Any CPU.ActiveCfg = Debug|Any CPU
		{47ED484C-2557-4BFA-BA67-859463EEA2A3}.Debug|Any CPU.Build.0 = Debug|Any CPU
		{47ED484C-2557-4BFA-BA67-859463EEA2A3}.Release|Any CPU.ActiveCfg = Release|Any CPU
		{47ED484C-2557-4BFA-BA67-859463EEA2A3}.Release|Any CPU.Build.0 = Release|Any CPU
		{6422C8D4-0D4D-4324-BF29-46A86AEBB7F0}.Debug|Any CPU.ActiveCfg = Debug|Any CPU
		{6422C8D4-0D4D-4324-BF29-46A86AEBB7F0}.Debug|Any CPU.Build.0 = Debug|Any CPU
		{6422C8D4-0D4D-4324-BF29-46A86AEBB7F0}.Release|Any CPU.ActiveCfg = Release|Any CPU
		{6422C8D4-0D4D-4324-BF29-46A86AEBB7F0}.Release|Any CPU.Build.0 = Release|Any CPU
		{1F4142A7-B828-4E5B-965C-A1E96153DED6}.Debug|Any CPU.ActiveCfg = Debug|Any CPU
		{1F4142A7-B828-4E5B-965C-A1E96153DED6}.Debug|Any CPU.Build.0 = Debug|Any CPU
		{1F4142A7-B828-4E5B-965C-A1E96153DED6}.Release|Any CPU.ActiveCfg = Release|Any CPU
		{1F4142A7-B828-4E5B-965C-A1E96153DED6}.Release|Any CPU.Build.0 = Release|Any CPU
		{FD676F7C-EA2E-4506-9F37-512EF93BFCD2}.Debug|Any CPU.ActiveCfg = Debug|Any CPU
		{FD676F7C-EA2E-4506-9F37-512EF93BFCD2}.Debug|Any CPU.Build.0 = Debug|Any CPU
		{FD676F7C-EA2E-4506-9F37-512EF93BFCD2}.Release|Any CPU.ActiveCfg = Release|Any CPU
		{FD676F7C-EA2E-4506-9F37-512EF93BFCD2}.Release|Any CPU.Build.0 = Release|Any CPU
		{1D5736B3-EFA6-41B7-9017-7990057D7D37}.Debug|Any CPU.ActiveCfg = Debug|Any CPU
		{1D5736B3-EFA6-41B7-9017-7990057D7D37}.Debug|Any CPU.Build.0 = Debug|Any CPU
		{1D5736B3-EFA6-41B7-9017-7990057D7D37}.Release|Any CPU.ActiveCfg = Release|Any CPU
		{1D5736B3-EFA6-41B7-9017-7990057D7D37}.Release|Any CPU.Build.0 = Release|Any CPU
		{7E3EBB8B-CDB6-4738-A73E-E9B3EC7DDCA9}.Debug|Any CPU.ActiveCfg = Debug|Any CPU
		{7E3EBB8B-CDB6-4738-A73E-E9B3EC7DDCA9}.Debug|Any CPU.Build.0 = Debug|Any CPU
		{7E3EBB8B-CDB6-4738-A73E-E9B3EC7DDCA9}.Release|Any CPU.ActiveCfg = Release|Any CPU
		{7E3EBB8B-CDB6-4738-A73E-E9B3EC7DDCA9}.Release|Any CPU.Build.0 = Release|Any CPU
		{47509B4A-2A6F-4980-851B-C6F398839B1F}.Debug|Any CPU.ActiveCfg = Debug|Any CPU
		{47509B4A-2A6F-4980-851B-C6F398839B1F}.Debug|Any CPU.Build.0 = Debug|Any CPU
		{47509B4A-2A6F-4980-851B-C6F398839B1F}.Release|Any CPU.ActiveCfg = Release|Any CPU
		{47509B4A-2A6F-4980-851B-C6F398839B1F}.Release|Any CPU.Build.0 = Release|Any CPU
		{943F4113-837E-4542-8C0C-D7BCFE82A537}.Debug|Any CPU.ActiveCfg = Debug|Any CPU
		{943F4113-837E-4542-8C0C-D7BCFE82A537}.Debug|Any CPU.Build.0 = Debug|Any CPU
		{943F4113-837E-4542-8C0C-D7BCFE82A537}.Release|Any CPU.ActiveCfg = Release|Any CPU
		{943F4113-837E-4542-8C0C-D7BCFE82A537}.Release|Any CPU.Build.0 = Release|Any CPU
		{58FBD323-1983-4E03-8497-1D36E2EA47A2}.Debug|Any CPU.ActiveCfg = Debug|Any CPU
		{58FBD323-1983-4E03-8497-1D36E2EA47A2}.Debug|Any CPU.Build.0 = Debug|Any CPU
		{58FBD323-1983-4E03-8497-1D36E2EA47A2}.Release|Any CPU.ActiveCfg = Release|Any CPU
		{58FBD323-1983-4E03-8497-1D36E2EA47A2}.Release|Any CPU.Build.0 = Release|Any CPU
		{9711DED3-052F-4E82-A90C-DF2ECC3341F7}.Debug|Any CPU.ActiveCfg = Debug|Any CPU
		{9711DED3-052F-4E82-A90C-DF2ECC3341F7}.Debug|Any CPU.Build.0 = Debug|Any CPU
		{9711DED3-052F-4E82-A90C-DF2ECC3341F7}.Release|Any CPU.ActiveCfg = Release|Any CPU
		{9711DED3-052F-4E82-A90C-DF2ECC3341F7}.Release|Any CPU.Build.0 = Release|Any CPU
		{688A259E-08E6-405D-9379-03957DEE8E04}.Debug|Any CPU.ActiveCfg = Debug|Any CPU
		{688A259E-08E6-405D-9379-03957DEE8E04}.Debug|Any CPU.Build.0 = Debug|Any CPU
		{688A259E-08E6-405D-9379-03957DEE8E04}.Release|Any CPU.ActiveCfg = Release|Any CPU
		{688A259E-08E6-405D-9379-03957DEE8E04}.Release|Any CPU.Build.0 = Release|Any CPU
		{C4B38B2D-1BDA-48FC-87EA-483102F00EB2}.Debug|Any CPU.ActiveCfg = Debug|Any CPU
		{C4B38B2D-1BDA-48FC-87EA-483102F00EB2}.Debug|Any CPU.Build.0 = Debug|Any CPU
		{C4B38B2D-1BDA-48FC-87EA-483102F00EB2}.Release|Any CPU.ActiveCfg = Release|Any CPU
		{C4B38B2D-1BDA-48FC-87EA-483102F00EB2}.Release|Any CPU.Build.0 = Release|Any CPU
		{90ED016C-9EA9-4901-9F5A-7B829EBBBB04}.Debug|Any CPU.ActiveCfg = Debug|Any CPU
		{90ED016C-9EA9-4901-9F5A-7B829EBBBB04}.Debug|Any CPU.Build.0 = Debug|Any CPU
		{90ED016C-9EA9-4901-9F5A-7B829EBBBB04}.Release|Any CPU.ActiveCfg = Release|Any CPU
		{90ED016C-9EA9-4901-9F5A-7B829EBBBB04}.Release|Any CPU.Build.0 = Release|Any CPU
		{2F169B05-EAC1-4107-A033-83FFE9ABB52C}.Debug|Any CPU.ActiveCfg = Debug|Any CPU
		{2F169B05-EAC1-4107-A033-83FFE9ABB52C}.Debug|Any CPU.Build.0 = Debug|Any CPU
		{2F169B05-EAC1-4107-A033-83FFE9ABB52C}.Release|Any CPU.ActiveCfg = Release|Any CPU
		{2F169B05-EAC1-4107-A033-83FFE9ABB52C}.Release|Any CPU.Build.0 = Release|Any CPU
		{B82CB339-AB37-4A5A-80CD-4B7FE181A865}.Debug|Any CPU.ActiveCfg = Debug|Any CPU
		{B82CB339-AB37-4A5A-80CD-4B7FE181A865}.Debug|Any CPU.Build.0 = Debug|Any CPU
		{B82CB339-AB37-4A5A-80CD-4B7FE181A865}.Release|Any CPU.ActiveCfg = Release|Any CPU
		{B82CB339-AB37-4A5A-80CD-4B7FE181A865}.Release|Any CPU.Build.0 = Release|Any CPU
		{3B7B8C59-9F8F-4B1A-96F5-B809D1DB22D3}.Debug|Any CPU.ActiveCfg = Debug|Any CPU
		{3B7B8C59-9F8F-4B1A-96F5-B809D1DB22D3}.Debug|Any CPU.Build.0 = Debug|Any CPU
		{3B7B8C59-9F8F-4B1A-96F5-B809D1DB22D3}.Release|Any CPU.ActiveCfg = Release|Any CPU
		{3B7B8C59-9F8F-4B1A-96F5-B809D1DB22D3}.Release|Any CPU.Build.0 = Release|Any CPU
		{F7BBBA7F-942E-42B7-99BF-32933FB0E91A}.Debug|Any CPU.ActiveCfg = Debug|Any CPU
		{F7BBBA7F-942E-42B7-99BF-32933FB0E91A}.Debug|Any CPU.Build.0 = Debug|Any CPU
		{F7BBBA7F-942E-42B7-99BF-32933FB0E91A}.Release|Any CPU.ActiveCfg = Release|Any CPU
		{F7BBBA7F-942E-42B7-99BF-32933FB0E91A}.Release|Any CPU.Build.0 = Release|Any CPU
		{03F4CCFC-082B-4D30-A123-A960AC81C740}.Debug|Any CPU.ActiveCfg = Debug|Any CPU
		{03F4CCFC-082B-4D30-A123-A960AC81C740}.Debug|Any CPU.Build.0 = Debug|Any CPU
		{03F4CCFC-082B-4D30-A123-A960AC81C740}.Release|Any CPU.ActiveCfg = Release|Any CPU
		{03F4CCFC-082B-4D30-A123-A960AC81C740}.Release|Any CPU.Build.0 = Release|Any CPU
		{974D1547-54E9-4790-8676-E592FBEAB7B8}.Debug|Any CPU.ActiveCfg = Debug|Any CPU
		{974D1547-54E9-4790-8676-E592FBEAB7B8}.Debug|Any CPU.Build.0 = Debug|Any CPU
		{974D1547-54E9-4790-8676-E592FBEAB7B8}.Release|Any CPU.ActiveCfg = Release|Any CPU
		{974D1547-54E9-4790-8676-E592FBEAB7B8}.Release|Any CPU.Build.0 = Release|Any CPU
		{F9737C02-1EF4-4CC7-9B83-286D8C41BFE3}.Debug|Any CPU.ActiveCfg = Debug|Any CPU
		{F9737C02-1EF4-4CC7-9B83-286D8C41BFE3}.Debug|Any CPU.Build.0 = Debug|Any CPU
		{F9737C02-1EF4-4CC7-9B83-286D8C41BFE3}.Release|Any CPU.ActiveCfg = Release|Any CPU
		{F9737C02-1EF4-4CC7-9B83-286D8C41BFE3}.Release|Any CPU.Build.0 = Release|Any CPU
		{8ED8C120-E268-48F8-BBE8-12ABC7D23859}.Debug|Any CPU.ActiveCfg = Debug|Any CPU
		{8ED8C120-E268-48F8-BBE8-12ABC7D23859}.Debug|Any CPU.Build.0 = Debug|Any CPU
		{8ED8C120-E268-48F8-BBE8-12ABC7D23859}.Release|Any CPU.ActiveCfg = Release|Any CPU
		{8ED8C120-E268-48F8-BBE8-12ABC7D23859}.Release|Any CPU.Build.0 = Release|Any CPU
		{B403B9CC-2353-4095-AF89-AB16CD43DCC5}.Debug|Any CPU.ActiveCfg = Debug|Any CPU
		{B403B9CC-2353-4095-AF89-AB16CD43DCC5}.Debug|Any CPU.Build.0 = Debug|Any CPU
		{B403B9CC-2353-4095-AF89-AB16CD43DCC5}.Release|Any CPU.ActiveCfg = Release|Any CPU
		{B403B9CC-2353-4095-AF89-AB16CD43DCC5}.Release|Any CPU.Build.0 = Release|Any CPU
		{EDBB4FF0-91D7-45B6-B994-F7CAFD753421}.Debug|Any CPU.ActiveCfg = Debug|Any CPU
		{EDBB4FF0-91D7-45B6-B994-F7CAFD753421}.Debug|Any CPU.Build.0 = Debug|Any CPU
		{EDBB4FF0-91D7-45B6-B994-F7CAFD753421}.Release|Any CPU.ActiveCfg = Release|Any CPU
		{EDBB4FF0-91D7-45B6-B994-F7CAFD753421}.Release|Any CPU.Build.0 = Release|Any CPU
		{F2445A4B-B252-439A-8C9A-9C34A170B462}.Debug|Any CPU.ActiveCfg = Debug|Any CPU
		{F2445A4B-B252-439A-8C9A-9C34A170B462}.Debug|Any CPU.Build.0 = Debug|Any CPU
		{F2445A4B-B252-439A-8C9A-9C34A170B462}.Release|Any CPU.ActiveCfg = Release|Any CPU
		{F2445A4B-B252-439A-8C9A-9C34A170B462}.Release|Any CPU.Build.0 = Release|Any CPU
		{7DFF4231-26DF-40D7-B4BF-10D0B8F27034}.Debug|Any CPU.ActiveCfg = Debug|Any CPU
		{7DFF4231-26DF-40D7-B4BF-10D0B8F27034}.Debug|Any CPU.Build.0 = Debug|Any CPU
		{7DFF4231-26DF-40D7-B4BF-10D0B8F27034}.Release|Any CPU.ActiveCfg = Release|Any CPU
		{7DFF4231-26DF-40D7-B4BF-10D0B8F27034}.Release|Any CPU.Build.0 = Release|Any CPU
		{F9AC3E9E-23FA-4EE7-B4EE-3D9676889E89}.Debug|Any CPU.ActiveCfg = Debug|Any CPU
		{F9AC3E9E-23FA-4EE7-B4EE-3D9676889E89}.Debug|Any CPU.Build.0 = Debug|Any CPU
		{F9AC3E9E-23FA-4EE7-B4EE-3D9676889E89}.Release|Any CPU.ActiveCfg = Release|Any CPU
		{F9AC3E9E-23FA-4EE7-B4EE-3D9676889E89}.Release|Any CPU.Build.0 = Release|Any CPU
		{C9BA3520-5BF1-41D4-AB37-D71FDEF7D203}.Debug|Any CPU.ActiveCfg = Debug|Any CPU
		{C9BA3520-5BF1-41D4-AB37-D71FDEF7D203}.Debug|Any CPU.Build.0 = Debug|Any CPU
		{C9BA3520-5BF1-41D4-AB37-D71FDEF7D203}.Release|Any CPU.ActiveCfg = Release|Any CPU
		{C9BA3520-5BF1-41D4-AB37-D71FDEF7D203}.Release|Any CPU.Build.0 = Release|Any CPU
		{887393C3-8AF8-471B-9BEA-F18E3D4C7736}.Debug|Any CPU.ActiveCfg = Debug|Any CPU
		{887393C3-8AF8-471B-9BEA-F18E3D4C7736}.Debug|Any CPU.Build.0 = Debug|Any CPU
		{887393C3-8AF8-471B-9BEA-F18E3D4C7736}.Release|Any CPU.ActiveCfg = Release|Any CPU
		{887393C3-8AF8-471B-9BEA-F18E3D4C7736}.Release|Any CPU.Build.0 = Release|Any CPU
		{35BCBF9C-02FD-4B0C-9FA3-A5CF194D39E8}.Debug|Any CPU.ActiveCfg = Debug|Any CPU
		{35BCBF9C-02FD-4B0C-9FA3-A5CF194D39E8}.Debug|Any CPU.Build.0 = Debug|Any CPU
		{35BCBF9C-02FD-4B0C-9FA3-A5CF194D39E8}.Release|Any CPU.ActiveCfg = Release|Any CPU
		{35BCBF9C-02FD-4B0C-9FA3-A5CF194D39E8}.Release|Any CPU.Build.0 = Release|Any CPU
		{577D24C6-C75C-4DEF-8F54-DC65B3B1B53B}.Debug|Any CPU.ActiveCfg = Debug|Any CPU
		{577D24C6-C75C-4DEF-8F54-DC65B3B1B53B}.Debug|Any CPU.Build.0 = Debug|Any CPU
		{577D24C6-C75C-4DEF-8F54-DC65B3B1B53B}.Release|Any CPU.ActiveCfg = Release|Any CPU
		{577D24C6-C75C-4DEF-8F54-DC65B3B1B53B}.Release|Any CPU.Build.0 = Release|Any CPU
		{D6C15D52-855F-492B-9FD0-8F09FCA3E3D9}.Debug|Any CPU.ActiveCfg = Debug|Any CPU
		{D6C15D52-855F-492B-9FD0-8F09FCA3E3D9}.Debug|Any CPU.Build.0 = Debug|Any CPU
		{D6C15D52-855F-492B-9FD0-8F09FCA3E3D9}.Release|Any CPU.ActiveCfg = Release|Any CPU
		{D6C15D52-855F-492B-9FD0-8F09FCA3E3D9}.Release|Any CPU.Build.0 = Release|Any CPU
		{81C5F000-E2AC-400A-8CD8-E66CDE886751}.Debug|Any CPU.ActiveCfg = Debug|Any CPU
		{81C5F000-E2AC-400A-8CD8-E66CDE886751}.Debug|Any CPU.Build.0 = Debug|Any CPU
		{81C5F000-E2AC-400A-8CD8-E66CDE886751}.Release|Any CPU.ActiveCfg = Release|Any CPU
		{81C5F000-E2AC-400A-8CD8-E66CDE886751}.Release|Any CPU.Build.0 = Release|Any CPU
		{1A9B528E-6F58-41BF-8817-48A932DC7043}.Debug|Any CPU.ActiveCfg = Debug|Any CPU
		{1A9B528E-6F58-41BF-8817-48A932DC7043}.Debug|Any CPU.Build.0 = Debug|Any CPU
		{1A9B528E-6F58-41BF-8817-48A932DC7043}.Release|Any CPU.ActiveCfg = Release|Any CPU
		{1A9B528E-6F58-41BF-8817-48A932DC7043}.Release|Any CPU.Build.0 = Release|Any CPU
		{5F7135DA-30AE-4EBB-A88B-2F11FC2336BA}.Debug|Any CPU.ActiveCfg = Debug|Any CPU
		{5F7135DA-30AE-4EBB-A88B-2F11FC2336BA}.Debug|Any CPU.Build.0 = Debug|Any CPU
		{5F7135DA-30AE-4EBB-A88B-2F11FC2336BA}.Release|Any CPU.ActiveCfg = Release|Any CPU
		{5F7135DA-30AE-4EBB-A88B-2F11FC2336BA}.Release|Any CPU.Build.0 = Release|Any CPU
		{9B75C8A6-2DAB-4AEF-B670-74BA8C5E7FC1}.Debug|Any CPU.ActiveCfg = Debug|Any CPU
		{9B75C8A6-2DAB-4AEF-B670-74BA8C5E7FC1}.Debug|Any CPU.Build.0 = Debug|Any CPU
		{9B75C8A6-2DAB-4AEF-B670-74BA8C5E7FC1}.Release|Any CPU.ActiveCfg = Release|Any CPU
		{9B75C8A6-2DAB-4AEF-B670-74BA8C5E7FC1}.Release|Any CPU.Build.0 = Release|Any CPU
		{C846DC37-0CEA-4603-920B-41A0C6E89BE0}.Debug|Any CPU.ActiveCfg = Debug|Any CPU
		{C846DC37-0CEA-4603-920B-41A0C6E89BE0}.Debug|Any CPU.Build.0 = Debug|Any CPU
		{C846DC37-0CEA-4603-920B-41A0C6E89BE0}.Release|Any CPU.ActiveCfg = Release|Any CPU
		{C846DC37-0CEA-4603-920B-41A0C6E89BE0}.Release|Any CPU.Build.0 = Release|Any CPU
		{60FF42F0-4C8D-41B8-986A-D8CD7D03EAA4}.Debug|Any CPU.ActiveCfg = Debug|Any CPU
		{60FF42F0-4C8D-41B8-986A-D8CD7D03EAA4}.Debug|Any CPU.Build.0 = Debug|Any CPU
		{60FF42F0-4C8D-41B8-986A-D8CD7D03EAA4}.Release|Any CPU.ActiveCfg = Release|Any CPU
		{60FF42F0-4C8D-41B8-986A-D8CD7D03EAA4}.Release|Any CPU.Build.0 = Release|Any CPU
		{2F7E9480-8A24-4FC6-8917-D1034490E7FE}.Debug|Any CPU.ActiveCfg = Debug|Any CPU
		{2F7E9480-8A24-4FC6-8917-D1034490E7FE}.Debug|Any CPU.Build.0 = Debug|Any CPU
		{2F7E9480-8A24-4FC6-8917-D1034490E7FE}.Release|Any CPU.ActiveCfg = Release|Any CPU
		{2F7E9480-8A24-4FC6-8917-D1034490E7FE}.Release|Any CPU.Build.0 = Release|Any CPU
		{2A2CEC80-D89F-4D1D-85D5-4D2AE63188D7}.Debug|Any CPU.ActiveCfg = Debug|Any CPU
		{2A2CEC80-D89F-4D1D-85D5-4D2AE63188D7}.Debug|Any CPU.Build.0 = Debug|Any CPU
		{2A2CEC80-D89F-4D1D-85D5-4D2AE63188D7}.Release|Any CPU.ActiveCfg = Release|Any CPU
		{2A2CEC80-D89F-4D1D-85D5-4D2AE63188D7}.Release|Any CPU.Build.0 = Release|Any CPU
		{DFD8522F-30E7-44BB-BF4A-F25181E037A2}.Debug|Any CPU.ActiveCfg = Debug|Any CPU
		{DFD8522F-30E7-44BB-BF4A-F25181E037A2}.Debug|Any CPU.Build.0 = Debug|Any CPU
		{DFD8522F-30E7-44BB-BF4A-F25181E037A2}.Release|Any CPU.ActiveCfg = Release|Any CPU
		{DFD8522F-30E7-44BB-BF4A-F25181E037A2}.Release|Any CPU.Build.0 = Release|Any CPU
		{297331C9-3871-4BAC-913C-1A450E56B954}.Debug|Any CPU.ActiveCfg = Debug|Any CPU
		{297331C9-3871-4BAC-913C-1A450E56B954}.Debug|Any CPU.Build.0 = Debug|Any CPU
		{297331C9-3871-4BAC-913C-1A450E56B954}.Release|Any CPU.ActiveCfg = Release|Any CPU
		{297331C9-3871-4BAC-913C-1A450E56B954}.Release|Any CPU.Build.0 = Release|Any CPU
		{FD0E09AA-0D0F-427C-A541-13613D87EB85}.Debug|Any CPU.ActiveCfg = Debug|Any CPU
		{FD0E09AA-0D0F-427C-A541-13613D87EB85}.Debug|Any CPU.Build.0 = Debug|Any CPU
		{FD0E09AA-0D0F-427C-A541-13613D87EB85}.Release|Any CPU.ActiveCfg = Release|Any CPU
		{FD0E09AA-0D0F-427C-A541-13613D87EB85}.Release|Any CPU.Build.0 = Release|Any CPU
		{22E69BE3-F203-4FA4-933D-7CA0B8BADAD8}.Debug|Any CPU.ActiveCfg = Debug|Any CPU
		{22E69BE3-F203-4FA4-933D-7CA0B8BADAD8}.Debug|Any CPU.Build.0 = Debug|Any CPU
		{22E69BE3-F203-4FA4-933D-7CA0B8BADAD8}.Release|Any CPU.ActiveCfg = Release|Any CPU
		{22E69BE3-F203-4FA4-933D-7CA0B8BADAD8}.Release|Any CPU.Build.0 = Release|Any CPU
		{8149766A-19BB-433C-893D-4A3180B23E2E}.Debug|Any CPU.ActiveCfg = Debug|Any CPU
		{8149766A-19BB-433C-893D-4A3180B23E2E}.Debug|Any CPU.Build.0 = Debug|Any CPU
		{8149766A-19BB-433C-893D-4A3180B23E2E}.Release|Any CPU.ActiveCfg = Release|Any CPU
		{8149766A-19BB-433C-893D-4A3180B23E2E}.Release|Any CPU.Build.0 = Release|Any CPU
		{ACB67532-8141-483B-A01B-E6D7B59BE92D}.Debug|Any CPU.ActiveCfg = Debug|Any CPU
		{ACB67532-8141-483B-A01B-E6D7B59BE92D}.Debug|Any CPU.Build.0 = Debug|Any CPU
		{ACB67532-8141-483B-A01B-E6D7B59BE92D}.Release|Any CPU.ActiveCfg = Release|Any CPU
		{ACB67532-8141-483B-A01B-E6D7B59BE92D}.Release|Any CPU.Build.0 = Release|Any CPU
		{E233F5A3-F3F4-48C6-A5CA-89A5128DC717}.Debug|Any CPU.ActiveCfg = Debug|Any CPU
		{E233F5A3-F3F4-48C6-A5CA-89A5128DC717}.Debug|Any CPU.Build.0 = Debug|Any CPU
		{E233F5A3-F3F4-48C6-A5CA-89A5128DC717}.Release|Any CPU.ActiveCfg = Release|Any CPU
		{E233F5A3-F3F4-48C6-A5CA-89A5128DC717}.Release|Any CPU.Build.0 = Release|Any CPU
		{ABE35F0C-4FAB-4F14-BDFC-1CB06BB2F1C4}.Debug|Any CPU.ActiveCfg = Debug|Any CPU
		{ABE35F0C-4FAB-4F14-BDFC-1CB06BB2F1C4}.Debug|Any CPU.Build.0 = Debug|Any CPU
		{ABE35F0C-4FAB-4F14-BDFC-1CB06BB2F1C4}.Release|Any CPU.ActiveCfg = Release|Any CPU
		{ABE35F0C-4FAB-4F14-BDFC-1CB06BB2F1C4}.Release|Any CPU.Build.0 = Release|Any CPU
		{5160DF23-9535-482F-83CB-4AADC9D0ABA5}.Debug|Any CPU.ActiveCfg = Debug|Any CPU
		{5160DF23-9535-482F-83CB-4AADC9D0ABA5}.Debug|Any CPU.Build.0 = Debug|Any CPU
		{5160DF23-9535-482F-83CB-4AADC9D0ABA5}.Release|Any CPU.ActiveCfg = Release|Any CPU
		{5160DF23-9535-482F-83CB-4AADC9D0ABA5}.Release|Any CPU.Build.0 = Release|Any CPU
		{969C45A2-F573-40DE-80A4-5C514AF459E0}.Debug|Any CPU.ActiveCfg = Debug|Any CPU
		{969C45A2-F573-40DE-80A4-5C514AF459E0}.Debug|Any CPU.Build.0 = Debug|Any CPU
		{969C45A2-F573-40DE-80A4-5C514AF459E0}.Release|Any CPU.ActiveCfg = Release|Any CPU
		{969C45A2-F573-40DE-80A4-5C514AF459E0}.Release|Any CPU.Build.0 = Release|Any CPU
		{FBDA60F9-0FEF-4540-847E-AB6F179C0463}.Debug|Any CPU.ActiveCfg = Debug|Any CPU
		{FBDA60F9-0FEF-4540-847E-AB6F179C0463}.Debug|Any CPU.Build.0 = Debug|Any CPU
		{FBDA60F9-0FEF-4540-847E-AB6F179C0463}.Release|Any CPU.ActiveCfg = Release|Any CPU
		{FBDA60F9-0FEF-4540-847E-AB6F179C0463}.Release|Any CPU.Build.0 = Release|Any CPU
		{09C04DFE-7ABE-4B84-A428-D831DB679428}.Debug|Any CPU.ActiveCfg = Debug|Any CPU
		{09C04DFE-7ABE-4B84-A428-D831DB679428}.Debug|Any CPU.Build.0 = Debug|Any CPU
		{09C04DFE-7ABE-4B84-A428-D831DB679428}.Release|Any CPU.ActiveCfg = Release|Any CPU
		{09C04DFE-7ABE-4B84-A428-D831DB679428}.Release|Any CPU.Build.0 = Release|Any CPU
		{0BF677F0-1468-45E5-BF58-827582DA4170}.Debug|Any CPU.ActiveCfg = Debug|Any CPU
		{0BF677F0-1468-45E5-BF58-827582DA4170}.Debug|Any CPU.Build.0 = Debug|Any CPU
		{0BF677F0-1468-45E5-BF58-827582DA4170}.Release|Any CPU.ActiveCfg = Release|Any CPU
		{0BF677F0-1468-45E5-BF58-827582DA4170}.Release|Any CPU.Build.0 = Release|Any CPU
		{BC9C5965-EBD1-47A7-96FA-A720998DB2D7}.Debug|Any CPU.ActiveCfg = Debug|Any CPU
		{BC9C5965-EBD1-47A7-96FA-A720998DB2D7}.Debug|Any CPU.Build.0 = Debug|Any CPU
		{BC9C5965-EBD1-47A7-96FA-A720998DB2D7}.Release|Any CPU.ActiveCfg = Release|Any CPU
		{BC9C5965-EBD1-47A7-96FA-A720998DB2D7}.Release|Any CPU.Build.0 = Release|Any CPU
		{E41972ED-1B9E-444A-AE55-B3E61D558BC0}.Debug|Any CPU.ActiveCfg = Debug|Any CPU
		{E41972ED-1B9E-444A-AE55-B3E61D558BC0}.Debug|Any CPU.Build.0 = Debug|Any CPU
		{E41972ED-1B9E-444A-AE55-B3E61D558BC0}.Release|Any CPU.ActiveCfg = Release|Any CPU
		{E41972ED-1B9E-444A-AE55-B3E61D558BC0}.Release|Any CPU.Build.0 = Release|Any CPU
		{E6EACDED-F213-4B1A-BAB7-B419AB44A971}.Debug|Any CPU.ActiveCfg = Debug|Any CPU
		{E6EACDED-F213-4B1A-BAB7-B419AB44A971}.Debug|Any CPU.Build.0 = Debug|Any CPU
		{E6EACDED-F213-4B1A-BAB7-B419AB44A971}.Release|Any CPU.ActiveCfg = Release|Any CPU
		{E6EACDED-F213-4B1A-BAB7-B419AB44A971}.Release|Any CPU.Build.0 = Release|Any CPU
		{DC51A3D3-F613-4DAE-911A-52BF058C3F8D}.Debug|Any CPU.ActiveCfg = Debug|Any CPU
		{DC51A3D3-F613-4DAE-911A-52BF058C3F8D}.Debug|Any CPU.Build.0 = Debug|Any CPU
		{DC51A3D3-F613-4DAE-911A-52BF058C3F8D}.Release|Any CPU.ActiveCfg = Release|Any CPU
		{DC51A3D3-F613-4DAE-911A-52BF058C3F8D}.Release|Any CPU.Build.0 = Release|Any CPU
		{02CF0E34-F175-4724-B354-A60B601E09A4}.Debug|Any CPU.ActiveCfg = Debug|Any CPU
		{02CF0E34-F175-4724-B354-A60B601E09A4}.Debug|Any CPU.Build.0 = Debug|Any CPU
		{02CF0E34-F175-4724-B354-A60B601E09A4}.Release|Any CPU.ActiveCfg = Release|Any CPU
		{02CF0E34-F175-4724-B354-A60B601E09A4}.Release|Any CPU.Build.0 = Release|Any CPU
		{A003497A-096A-4CCE-870F-A680F140F92F}.Debug|Any CPU.ActiveCfg = Debug|Any CPU
		{A003497A-096A-4CCE-870F-A680F140F92F}.Debug|Any CPU.Build.0 = Debug|Any CPU
		{A003497A-096A-4CCE-870F-A680F140F92F}.Release|Any CPU.ActiveCfg = Release|Any CPU
		{A003497A-096A-4CCE-870F-A680F140F92F}.Release|Any CPU.Build.0 = Release|Any CPU
		{503EFF71-112D-4E8D-A521-2A86AE6EE6DA}.Debug|Any CPU.ActiveCfg = Debug|Any CPU
		{503EFF71-112D-4E8D-A521-2A86AE6EE6DA}.Debug|Any CPU.Build.0 = Debug|Any CPU
		{503EFF71-112D-4E8D-A521-2A86AE6EE6DA}.Release|Any CPU.ActiveCfg = Release|Any CPU
		{503EFF71-112D-4E8D-A521-2A86AE6EE6DA}.Release|Any CPU.Build.0 = Release|Any CPU
		{E48503C8-6449-42A9-B524-F0081E9449FC}.Debug|Any CPU.ActiveCfg = Debug|Any CPU
		{E48503C8-6449-42A9-B524-F0081E9449FC}.Debug|Any CPU.Build.0 = Debug|Any CPU
		{E48503C8-6449-42A9-B524-F0081E9449FC}.Release|Any CPU.ActiveCfg = Release|Any CPU
		{E48503C8-6449-42A9-B524-F0081E9449FC}.Release|Any CPU.Build.0 = Release|Any CPU
		{5B7EC237-5B3F-43D4-9A22-E9E76689630A}.Debug|Any CPU.ActiveCfg = Debug|Any CPU
		{5B7EC237-5B3F-43D4-9A22-E9E76689630A}.Debug|Any CPU.Build.0 = Debug|Any CPU
		{5B7EC237-5B3F-43D4-9A22-E9E76689630A}.Release|Any CPU.ActiveCfg = Release|Any CPU
		{5B7EC237-5B3F-43D4-9A22-E9E76689630A}.Release|Any CPU.Build.0 = Release|Any CPU
		{69172B58-C7F9-4DD2-84E7-14D236F36439}.Debug|Any CPU.ActiveCfg = Debug|Any CPU
		{69172B58-C7F9-4DD2-84E7-14D236F36439}.Debug|Any CPU.Build.0 = Debug|Any CPU
		{69172B58-C7F9-4DD2-84E7-14D236F36439}.Release|Any CPU.ActiveCfg = Release|Any CPU
		{69172B58-C7F9-4DD2-84E7-14D236F36439}.Release|Any CPU.Build.0 = Release|Any CPU
		{2471A908-F7C6-4FE3-9568-77D52F41D926}.Debug|Any CPU.ActiveCfg = Debug|Any CPU
		{2471A908-F7C6-4FE3-9568-77D52F41D926}.Debug|Any CPU.Build.0 = Debug|Any CPU
		{2471A908-F7C6-4FE3-9568-77D52F41D926}.Release|Any CPU.ActiveCfg = Release|Any CPU
		{2471A908-F7C6-4FE3-9568-77D52F41D926}.Release|Any CPU.Build.0 = Release|Any CPU
		{574EF273-8E63-4959-AC56-DD2ECD37869A}.Debug|Any CPU.ActiveCfg = Debug|Any CPU
		{574EF273-8E63-4959-AC56-DD2ECD37869A}.Debug|Any CPU.Build.0 = Debug|Any CPU
		{574EF273-8E63-4959-AC56-DD2ECD37869A}.Release|Any CPU.ActiveCfg = Release|Any CPU
		{574EF273-8E63-4959-AC56-DD2ECD37869A}.Release|Any CPU.Build.0 = Release|Any CPU
	EndGlobalSection
	GlobalSection(SolutionProperties) = preSolution
		HideSolutionNode = FALSE
	EndGlobalSection
	GlobalSection(NestedProjects) = preSolution
		{8201727A-F910-4A72-995F-B12F9519E76D} = {8E40B434-CCCF-40B5-9956-DB5470A1E2D9}
		{092FF2AE-EBF4-400A-B6B2-CD726DEFED98} = {8E40B434-CCCF-40B5-9956-DB5470A1E2D9}
		{C7259FC9-80E6-4CB6-AC4F-32DDFC3A9717} = {8E40B434-CCCF-40B5-9956-DB5470A1E2D9}
		{05A44ED4-D4A1-4C98-983C-79BA368D6B07} = {8E40B434-CCCF-40B5-9956-DB5470A1E2D9}
		{0D2B2D03-6E0F-4284-9925-8F2F27A72239} = {8E40B434-CCCF-40B5-9956-DB5470A1E2D9}
		{CDD39616-8BC6-4329-83CC-B9F183DF8C00} = {76AE36F2-8065-456E-B727-85CAE3267C13}
		{AB28049C-D1C1-4C5A-9EE1-6BBA74FA3230} = {76AE36F2-8065-456E-B727-85CAE3267C13}
		{28564BD2-B859-4B5B-BB4E-FAE97FA6A4AC} = {76AE36F2-8065-456E-B727-85CAE3267C13}
		{F9CFF0DB-492B-4910-99D2-67B2BCB06DA5} = {76AE36F2-8065-456E-B727-85CAE3267C13}
		{44A00D6A-31AD-420A-AB24-7AC403E7D22E} = {76AE36F2-8065-456E-B727-85CAE3267C13}
		{A1774356-E510-4148-9633-1D77163117C6} = {76AE36F2-8065-456E-B727-85CAE3267C13}
		{DAD39937-9263-45EE-ACA6-EF60CFD07D30} = {E5B84EBD-43D3-4980-A3A2-AA868AE713BB}
		{FF5C0D5B-A3D5-40E6-9770-014CDFABC15E} = {E5B84EBD-43D3-4980-A3A2-AA868AE713BB}
		{C39D3E82-7386-4C5D-9099-E207D6AE63B8} = {E5B84EBD-43D3-4980-A3A2-AA868AE713BB}
		{40278401-13CE-430B-A61E-8629360C5282} = {E5B84EBD-43D3-4980-A3A2-AA868AE713BB}
		{EE712690-9BA4-4068-8F5C-D92CAA39A472} = {E5B84EBD-43D3-4980-A3A2-AA868AE713BB}
		{E5093C9B-9CD1-4157-ACCB-7102779D981B} = {E5B84EBD-43D3-4980-A3A2-AA868AE713BB}
		{06D1A5F0-EFA5-4163-BFD8-237BDB383553} = {E5B84EBD-43D3-4980-A3A2-AA868AE713BB}
		{47ED484C-2557-4BFA-BA67-859463EEA2A3} = {4551EF43-B4D4-423E-9C94-A33F5F599B2E}
		{6422C8D4-0D4D-4324-BF29-46A86AEBB7F0} = {4551EF43-B4D4-423E-9C94-A33F5F599B2E}
		{1F4142A7-B828-4E5B-965C-A1E96153DED6} = {4551EF43-B4D4-423E-9C94-A33F5F599B2E}
		{FD676F7C-EA2E-4506-9F37-512EF93BFCD2} = {4551EF43-B4D4-423E-9C94-A33F5F599B2E}
		{1D5736B3-EFA6-41B7-9017-7990057D7D37} = {4551EF43-B4D4-423E-9C94-A33F5F599B2E}
		{7E3EBB8B-CDB6-4738-A73E-E9B3EC7DDCA9} = {4551EF43-B4D4-423E-9C94-A33F5F599B2E}
		{47509B4A-2A6F-4980-851B-C6F398839B1F} = {4551EF43-B4D4-423E-9C94-A33F5F599B2E}
		{943F4113-837E-4542-8C0C-D7BCFE82A537} = {4551EF43-B4D4-423E-9C94-A33F5F599B2E}
		{58FBD323-1983-4E03-8497-1D36E2EA47A2} = {4551EF43-B4D4-423E-9C94-A33F5F599B2E}
		{9711DED3-052F-4E82-A90C-DF2ECC3341F7} = {4551EF43-B4D4-423E-9C94-A33F5F599B2E}
		{688A259E-08E6-405D-9379-03957DEE8E04} = {76AE36F2-8065-456E-B727-85CAE3267C13}
		{C4B38B2D-1BDA-48FC-87EA-483102F00EB2} = {4551EF43-B4D4-423E-9C94-A33F5F599B2E}
		{90ED016C-9EA9-4901-9F5A-7B829EBBBB04} = {4551EF43-B4D4-423E-9C94-A33F5F599B2E}
		{2F169B05-EAC1-4107-A033-83FFE9ABB52C} = {4551EF43-B4D4-423E-9C94-A33F5F599B2E}
		{B82CB339-AB37-4A5A-80CD-4B7FE181A865} = {4551EF43-B4D4-423E-9C94-A33F5F599B2E}
		{3B7B8C59-9F8F-4B1A-96F5-B809D1DB22D3} = {4551EF43-B4D4-423E-9C94-A33F5F599B2E}
		{F7BBBA7F-942E-42B7-99BF-32933FB0E91A} = {4551EF43-B4D4-423E-9C94-A33F5F599B2E}
		{03F4CCFC-082B-4D30-A123-A960AC81C740} = {4551EF43-B4D4-423E-9C94-A33F5F599B2E}
		{974D1547-54E9-4790-8676-E592FBEAB7B8} = {4551EF43-B4D4-423E-9C94-A33F5F599B2E}
		{F9737C02-1EF4-4CC7-9B83-286D8C41BFE3} = {4551EF43-B4D4-423E-9C94-A33F5F599B2E}
		{8ED8C120-E268-48F8-BBE8-12ABC7D23859} = {4551EF43-B4D4-423E-9C94-A33F5F599B2E}
		{B403B9CC-2353-4095-AF89-AB16CD43DCC5} = {4551EF43-B4D4-423E-9C94-A33F5F599B2E}
		{EDBB4FF0-91D7-45B6-B994-F7CAFD753421} = {F2DE1B0D-5390-48BF-90EC-6C381199848F}
		{F2445A4B-B252-439A-8C9A-9C34A170B462} = {F2DE1B0D-5390-48BF-90EC-6C381199848F}
		{7DFF4231-26DF-40D7-B4BF-10D0B8F27034} = {09E0C8B4-BB55-4E5D-9292-62AE7ABCEE45}
		{F9AC3E9E-23FA-4EE7-B4EE-3D9676889E89} = {A983BB46-8EE0-49E8-A2BF-60D6671B21F7}
		{C9BA3520-5BF1-41D4-AB37-D71FDEF7D203} = {A983BB46-8EE0-49E8-A2BF-60D6671B21F7}
		{887393C3-8AF8-471B-9BEA-F18E3D4C7736} = {A983BB46-8EE0-49E8-A2BF-60D6671B21F7}
		{35BCBF9C-02FD-4B0C-9FA3-A5CF194D39E8} = {A983BB46-8EE0-49E8-A2BF-60D6671B21F7}
		{577D24C6-C75C-4DEF-8F54-DC65B3B1B53B} = {B4BC732A-57DA-4042-9ADD-43A805F82C33}
		{2B3308DB-C524-463E-9EDC-D5EE4D7EE604} = {4551EF43-B4D4-423E-9C94-A33F5F599B2E}
		{D6C15D52-855F-492B-9FD0-8F09FCA3E3D9} = {2B3308DB-C524-463E-9EDC-D5EE4D7EE604}
		{81C5F000-E2AC-400A-8CD8-E66CDE886751} = {1225228B-1C20-4589-9426-0E094A0C9016}
		{1A9B528E-6F58-41BF-8817-48A932DC7043} = {F2DE1B0D-5390-48BF-90EC-6C381199848F}
		{5F7135DA-30AE-4EBB-A88B-2F11FC2336BA} = {F2DE1B0D-5390-48BF-90EC-6C381199848F}
		{9B75C8A6-2DAB-4AEF-B670-74BA8C5E7FC1} = {F2DE1B0D-5390-48BF-90EC-6C381199848F}
		{C846DC37-0CEA-4603-920B-41A0C6E89BE0} = {09E0C8B4-BB55-4E5D-9292-62AE7ABCEE45}
		{60FF42F0-4C8D-41B8-986A-D8CD7D03EAA4} = {09E0C8B4-BB55-4E5D-9292-62AE7ABCEE45}
		{2F7E9480-8A24-4FC6-8917-D1034490E7FE} = {09E0C8B4-BB55-4E5D-9292-62AE7ABCEE45}
		{2A2CEC80-D89F-4D1D-85D5-4D2AE63188D7} = {09E0C8B4-BB55-4E5D-9292-62AE7ABCEE45}
		{DFD8522F-30E7-44BB-BF4A-F25181E037A2} = {1225228B-1C20-4589-9426-0E094A0C9016}
		{297331C9-3871-4BAC-913C-1A450E56B954} = {1225228B-1C20-4589-9426-0E094A0C9016}
		{FD0E09AA-0D0F-427C-A541-13613D87EB85} = {1225228B-1C20-4589-9426-0E094A0C9016}
		{22E69BE3-F203-4FA4-933D-7CA0B8BADAD8} = {FC6C6FD7-A151-4D5B-BADC-5B3CC308247E}
		{8149766A-19BB-433C-893D-4A3180B23E2E} = {FC6C6FD7-A151-4D5B-BADC-5B3CC308247E}
		{ACB67532-8141-483B-A01B-E6D7B59BE92D} = {FC6C6FD7-A151-4D5B-BADC-5B3CC308247E}
		{E233F5A3-F3F4-48C6-A5CA-89A5128DC717} = {FC6C6FD7-A151-4D5B-BADC-5B3CC308247E}
		{ABE35F0C-4FAB-4F14-BDFC-1CB06BB2F1C4} = {FC6C6FD7-A151-4D5B-BADC-5B3CC308247E}
		{5160DF23-9535-482F-83CB-4AADC9D0ABA5} = {FC6C6FD7-A151-4D5B-BADC-5B3CC308247E}
		{969C45A2-F573-40DE-80A4-5C514AF459E0} = {FC6C6FD7-A151-4D5B-BADC-5B3CC308247E}
		{FBDA60F9-0FEF-4540-847E-AB6F179C0463} = {FC6C6FD7-A151-4D5B-BADC-5B3CC308247E}
		{09C04DFE-7ABE-4B84-A428-D831DB679428} = {FC6C6FD7-A151-4D5B-BADC-5B3CC308247E}
		{0BF677F0-1468-45E5-BF58-827582DA4170} = {FC6C6FD7-A151-4D5B-BADC-5B3CC308247E}
		{BC9C5965-EBD1-47A7-96FA-A720998DB2D7} = {FC6C6FD7-A151-4D5B-BADC-5B3CC308247E}
		{E41972ED-1B9E-444A-AE55-B3E61D558BC0} = {FC6C6FD7-A151-4D5B-BADC-5B3CC308247E}
		{E6EACDED-F213-4B1A-BAB7-B419AB44A971} = {FC6C6FD7-A151-4D5B-BADC-5B3CC308247E}
		{DC51A3D3-F613-4DAE-911A-52BF058C3F8D} = {FC6C6FD7-A151-4D5B-BADC-5B3CC308247E}
		{02CF0E34-F175-4724-B354-A60B601E09A4} = {FC6C6FD7-A151-4D5B-BADC-5B3CC308247E}
		{A003497A-096A-4CCE-870F-A680F140F92F} = {FC6C6FD7-A151-4D5B-BADC-5B3CC308247E}
		{503EFF71-112D-4E8D-A521-2A86AE6EE6DA} = {FC6C6FD7-A151-4D5B-BADC-5B3CC308247E}
		{E48503C8-6449-42A9-B524-F0081E9449FC} = {FC6C6FD7-A151-4D5B-BADC-5B3CC308247E}
		{5B7EC237-5B3F-43D4-9A22-E9E76689630A} = {4B36EDFC-F565-4911-A087-F2FE7A910E73}
		{69172B58-C7F9-4DD2-84E7-14D236F36439} = {4B36EDFC-F565-4911-A087-F2FE7A910E73}
		{2471A908-F7C6-4FE3-9568-77D52F41D926} = {4B36EDFC-F565-4911-A087-F2FE7A910E73}
		{574EF273-8E63-4959-AC56-DD2ECD37869A} = {4B36EDFC-F565-4911-A087-F2FE7A910E73}
	EndGlobalSection
	GlobalSection(ExtensibilityGlobals) = postSolution
		SolutionGuid = {720AFBA8-F9FC-4B20-A265-10493B5CE822}
	EndGlobalSection
EndGlobal
